
Microsoft Visual Studio Solution File, Format Version 12.00
# Visual Studio Version 17
VisualStudioVersion = 17.11.35222.181
MinimumVisualStudioVersion = 10.0.40219.1
Project("{FAE04EC0-301F-11D3-BF4B-00C04F79EFBC}") = "Lists2", "Lists2\Lists2.csproj", "{F999414E-2DC1-4220-ABA4-9010DB82D2A1}"
EndProject
Global
	GlobalSection(SolutionConfigurationPlatforms) = preSolution
		Debug|Any CPU = Debug|Any CPU
		Release|Any CPU = Release|Any CPU
	EndGlobalSection
	GlobalSection(ProjectConfigurationPlatforms) = postSolution
		{F999414E-2DC1-4220-ABA4-9010DB82D2A1}.Debug|Any CPU.ActiveCfg = Debug|Any CPU
		{F999414E-2DC1-4220-ABA4-9010DB82D2A1}.Debug|Any CPU.Build.0 = Debug|Any CPU
		{F999414E-2DC1-4220-ABA4-9010DB82D2A1}.Release|Any CPU.ActiveCfg = Release|Any CPU
		{F999414E-2DC1-4220-ABA4-9010DB82D2A1}.Release|Any CPU.Build.0 = Release|Any CPU
	EndGlobalSection
	GlobalSection(SolutionProperties) = preSolution
		HideSolutionNode = FALSE
	EndGlobalSection
	GlobalSection(ExtensibilityGlobals) = postSolution
		SolutionGuid = {5B654A11-D204-411A-8D4F-4CA42E945B25}
	EndGlobalSection
EndGlobal
